# toolchain.lock -- the single source of truth for ONE exact AIE toolchain.
# Sourced by scripts/toolchain_up.sh. Change this file = change the toolchain (deliberately).
# mlir-aie is built from a CLEAN atassis/mlir-aie integration-branch commit (never a dirty tree), with the
# route_b kernels overlaid by sync_kernels.sh. Bump by rebasing that branch onto upstream and re-pinning here.
MLIR_AIE_FORK_COMMIT=035528f71cf1dd067ff01562fda99088678ca2b0   # Xilinx/mlir-aie upstream/main tip 2026-08-27, pure upstream, ZERO carries; +32 past 7e00b57955e1, which is a clean ancestor, so nothing was rebased and nothing dropped. TAKEN FOR: #3526 (the npu2 HW context pool is 16 on the Strix family, not 32 -- our hardware), #3590 (dma_await_task crash + resolution gap on a loop-carried iter_arg), #3548 (BD verification gaps). DEVICE GATE MANDATORY, no byte-identical skip: #3559 rewrites AIEDmaToNpu.cpp and BdLowering.{h,cpp} and changes the emitted transaction blob itself (its subject carries a stale "[WIP]" prefix; it merged non-draft 2026-08-20, so the tag is cosmetic). Also crossing: #3580 (aiecc lowers a device's cores once without merging their objects), #3592 (pathfinder graph port direction), #3577 (out-of-order S2MM receive channels), #3546 (shim-DMA AxCACHE attribute). MLIR core does not move here -- utils/clone-llvm.sh is byte-identical across the window -- so MLIR_DISTRO_WHEEL and NANOBIND stay. API AUDIT: all 182 route_b_kernels generators (22 aie.* modules, 46 imported symbols) import clean against the built instance, and static resolution is identical at this tip and at 7e00b57955e1. The one module that does not import is aie.iron.placers, which decode_fused/newstack_compat.py probes deliberately under noqa. This REFUTES the 'NPU1Col2 pre-existing defect' recorded at the prev pin: iron/device/__init__.py synthesizes NPU{1,2}Col{n_cols} on attribute access, so NPU1Col2 instantiates with cols=2 and no source grep can see it -- do not re-flag it. KNOWN GAP: our #3467 put cast_f32_bf16.cc and dwconv1d.cc upstream while sync_kernels.sh still overlays both from route_b_kernels, so the instance shadows the upstream copies, and the route_b cast_f32_bf16.cc lacks upstream's assert(cols % N == 0). PEANO WAS STAGED SEPARATELY and landed the next day -- see PEANO_FORK_COMMIT below; batching an LLVM major bump onto this window's gate would have made a regression unattributable. Prev pin 7e00b57955e1. Prev-prev d91f899ea9d2.
MLIR_DISTRO_WHEEL=mlir-24.0.0.2026080106+56bcc187              # Follows utils/clone-llvm.sh, which pins LLVM_PROJECT_COMMIT=56bcc1871734e6c375a254dec0ec74eb18d04a2e; provisioned at $XDNA_CACHE/mlir-distro/24.0.0.2026080106+56bcc187. NO ROLLBACK TO 23.0.0: the newest mlir-aie commit compatible with that wheel (ab85f6114de^, 2026-08-05) predates #3532, the aie-rt fix that zeroes the PT_LOAD p_memsz-p_filesz gap (merged 2026-08-11), so every 23.0.0 pairing that exists carries that corruption. Its cache dir is gone; the wheel beside it is kept, so re-provisioning is a local repack via fetch_mlir_distro.sh.
PEANO_DIST=llvm_aie-22.0.0.2026082702+91977805                 # The INSTALL SEED, not a reference: install_peano_local.sh hardlink-copies this dist for its runtimes, headers and full binutils (notably llvm-ar, which build_peano_fast.sh does not produce) and swaps only libLLVM/libclang-cpp into the copy -- so it must match PEANO_FORK_COMMIT's LLVM major. Bumped 21.0.0.2026062301+cb664e8c -> 22.0.0 with the fork advance below; its base 91977805 is 2 commits behind the aie-public tip we build. Cached unpacked at $XDNA_CACHE/peano-seed/llvm-aie-22.0.0.2026082702.
PEANO_FORK_COMMIT=299581a415e0114da913abb35a9f9daf5c8bd64e     # ACTIVE Peano = local build of atassis/llvm-aie `integ-2026-09-01` = Xilinx/llvm-aie upstream/aie-public 83eb50ca440f + 5 carries. REBASED FORWARD 2026-09-01 rather than pinning the then-active integration-stack tip a5570e2dc144: that tip sat on aie-public fa749e4f5158, five commits stale, missing 2b9fd6919d84 (AIE2PS assembly parser for bfp16 ex operands -- our format path) and 83eb50ca440f (AIEX: do not query the physreg of a de-allocated VReg in WAW rewriting). CARRIES, each taken at its live PR headRefOid, never the local branch of the same name: #1148 adjustSPReg large stack frames (bf6309e28d95) and #1155 range-check the spill immediate offset (4dfdbe5707f2). The PREVIOUS pin carried #1155 as fd3c04a086a1, which is the SUPERSEDED narrow predecessor -- it applied cleanly and nothing complained, which is exactly the trap this file already warns about: OPEN is not UNCHANGED. Plus 3 unfiled carries: two local broadcast-size-gate commits (matchBroadcastElement, then the G_SHUFFLE_VECTOR dispatcher) and one third-pty cherry-pick of llvm-project #153334 (GISel crash in a GlobalISel utils method), none of which has a PR, so they resolve by subject and not by headRefOid. `git cherry upstream/aie-public` reports all 5 as still-unmerged: ZERO carry-drops this round. PEANO_DIST unchanged -- the base stays LLVM 22, so the hardlink-copied install seed still matches. Rebuilt warm in 7.8s (build_peano_fast, wt-llvm-integration/build-fast). Prev pin fd3c04a086a1, kept reachable as tag peano-pin-2026-08-27; rollback: install_peano_local.sh --activate $XDNA_CACHE/peano-local/llvm22-fd3c04a086a1 + git checkout toolchain.lock + toolchain_up.sh.
NANOBIND=2.12.0                                                # the dep that silently broke us at 2.13.0
