# toolchain.lock -- the single source of truth for ONE exact AIE toolchain.
# Sourced by scripts/toolchain_up.sh. Change this file = change the toolchain (deliberately).
# mlir-aie is built from a CLEAN atassis/mlir-aie integration-branch commit (never a dirty tree), with the
# our kernels overlaid by sync_kernels.sh. Bump by rebasing that branch onto upstream and re-pinning here.
MLIR_AIE_FORK_COMMIT=e8e957da947ada317f3b375e6e4c3ce88e9fa3e5   # ADVANCED 2026-10-01 8e3958b596a -> e8e957da947, carries only: same upstream and fork base, crosses no upstream change, zero drops. Six carries on atassis/mlir-aie integration-stack (fast-forward push): content-derived PDI/xclbin UUIDs, builder constants bound to named locals (eval order), full_elf_config.json sibling paths relative to the work dir, aiecc --profile-trace, FoldDMAStartOp no-op success fix (Xilinx/mlir-aie#3830), guardSequenceQueueDepth single walk (#3832). Instance 559594e85444 built -j2 in a 5G scope (12.5 min, 4.85 GB peak). CPU gates: toolchain_smoke PASS, verify_kernel_source 13/13. Byte identity via buildstore repin-report, old 3ce32a1d7465 vs new: qwen3-0.6b decode, qwen3-0.6b prefill, gemma3-270m decode, qwen3.5-4b prefill, whisper-turbo decode IDENTICAL; qwen3.5-4b decode and gemma4-12b rf48C still being compared at landing. No device gate run: byte-identical artifacts inherit theirs. Previous pin 8e3958b596a.
MLIR_DISTRO_WHEEL=mlir-24.0.0.2026091506+e4fcd128              # FORCED by the mlir-aie advance, not chosen: #3739 moves utils/clone-llvm.sh's LLVM_PROJECT_COMMIT 56bcc187 -> e4fcd128 (DATETIME 2026080106 -> 2026091506), and it is an API-churn commit (+85 lines in AIEDialect.h, plus AIEOps.td/AIEInterfaces.td/AIETraceOps.td/AIEX.td/CERTOps.td), so mlir-aie at the new tip does not compile against the old core. Provisioned at $XDNA_CACHE/mlir-distro/24.0.0.2026091506+e4fcd128 by fetch_mlir_distro.sh. The prior 24.0.0.2026080106+56bcc187 cache dir is kept for rollback. NO ROLLBACK TO 23.0.0 (unchanged reasoning): the newest mlir-aie commit compatible with that wheel predates #3532, the aie-rt fix zeroing the PT_LOAD p_memsz-p_filesz gap, so every 23.0.0 pairing carries that corruption.
PEANO_DIST=llvm_aie-22.0.0.2026091901+0006955e                 # The INSTALL SEED, not a reference: install_peano_local.sh hardlink-copies this dist for its runtimes, headers and full binutils (notably llvm-ar, which build_peano_fast.sh does not produce) and swaps only libLLVM/libclang-cpp into the copy -- so it must match PEANO_FORK_COMMIT's LLVM major. Bumped 22.0.0.2026090801+3e93bf7b -> 22.0.0.2026091901+0006955e: this nightly is built from 0006955e, which is EXACTLY the aie-public base the fork below now sits on, so seed and fork share a base rather than the seed trailing it. LLVM major unchanged (22), so the hardlink-copy still matches. Note mlir-aie's own utils/peano-requirements.txt at this pin validates 22.0.0.2026091401+a5d028e8 -- 5 nightlies older; we take the exact-base one and let the smoke gate adjudicate, same call as the prior pin.
PEANO_FORK_COMMIT=aa4acd25694884aadad7bdb1479b72ec0399744c     # ACTIVE Peano = local build of atassis/llvm-aie `integration-stack` = Xilinx/llvm-aie upstream/aie-public 0006955eb0bd + the SAME 5 carries, rebased forward from 3e93bf7b5541 (+21); pushed to atassis/llvm-aie integration-stack 2026-09-29. ZERO carry-drops: `git cherry upstream/aie-public` reports all 5 still unmerged, the rebase applied with ZERO conflicts, and all 5 are PATCH-ID IDENTICAL to what the previous pin carried -- so this is a pure base advance, not a carry change. Carries: #1148 adjustSPReg large stack frames, #1155 range-check the spill immediate offset, plus the 3 unfiled (two broadcast-size-gate commits, one cherry-pick of llvm-project #153334). Rebuilt via build_peano_fast.sh in 103s on the persistent tree; the built clang self-reports this SHA. DEVICE GATE MANDATORY -- the window is codegen, not NFC, and it carries a MISCOMPILE FIX on a path we run: 47c601dd4fe4 reproduces AIE2P dropping element 1 of <2 x i8>, fixed by e4052ac536a1 (keep sub-register vectors packed) + 9a4f8e231833 + 00631269f22b -- int8 is live for us (KV cache, int4 weight dequant staging). Also f81fa11075d7 (poison from elided last-iteration latch loads, a second miscompile class), b3e2cc417b8b (GlobalISel multiple-returns crash), 773413fb18d0 (legalize 16-bit vector loads/stores), e08ee258deef (MemorySSA limit 200), 386ca5c6634a + 7cf4be2ddeba (switch-to-OR-of-icmp, jumpIsExpensive). Prev pin 65fbcdb1f1d9, kept reachable as tag peano-pin-2026-09-09 and backup/llvm-integration-stack-pre-repin-20260919; rollback: install_peano_local.sh --activate $XDNA_CACHE/peano-local/llvm22-65fbcdb1f1d9 + git checkout toolchain.lock + toolchain_up.sh.
IRON_FORK_COMMIT=aab8083822521ab13cfafc696fe281680f818b78   # amd/IRON floor, NOT an exact-state pin: the gate is `merge-base --is-ancestor`, so a checkout may carry work ON TOP of this and still pass. That is deliberate -- every IRON worktree here sits on a branch with local commits, and an equality pin would fail all of them. aab8083 is `Update mlir-aie to latest nightly (1.4.2.dev) and reduce IRON/mlir-aie duplication (#150)`, computed as the merge-base of every IRON line in this workspace (upstream/devel, pr/mem-copy-bit-width, qwen3-decode-iron and the lane branches) -- i.e. the newest commit ALL of them share. WHY THIS EXISTS AT ALL, added 2026-09-06: IRON was the one toolchain input with no pin, so `IRON_DIR` resolved to whatever the shared checkout happened to be on -- on this date a PR branch (pr/mem-copy-bit-width, 2 ahead of devel and 11 behind), and NOTHING recorded that. The cost was concrete: a decode baseline of 135.96 ms/token could not be attributed to an IRON state, so two independent lanes measuring 205.6 and 218.4 ms/token could not tell a regression from a different base, and both correctly refused to price anything against it. Note this pins the SOURCE line only; it does not pin which worktree `IRON_DIR` points at, which is still an environment decision. Bump by re-computing the merge-base after a rebase, never by copying a branch tip -- a tip excludes every sibling line.
NANOBIND=2.12.0                                                # the dep that silently broke us at 2.13.0
